
Microsoft Visual Studio Solution File, Format Version 12.00
# Visual Studio Version 17
VisualStudioVersion = 17.3.32929.385
MinimumVisualStudioVersion = 10.0.40219.1
Project("{FAE04EC0-301F-11D3-BF4B-00C04F79EFBC}") = "RecipesAPI", "RecipesAPI\RecipesAPI.csproj", "{39971488-36CD-4A0F-9F52-2BD2782CBF1C}"
EndProject
Global
	GlobalSection(SolutionConfigurationPlatforms) = preSolution
		Debug|Any CPU = Debug|Any CPU
		Release|Any CPU = Release|Any CPU
	EndGlobalSection
	GlobalSection(ProjectConfigurationPlatforms) = postSolution
		{39971488-36CD-4A0F-9F52-2BD2782CBF1C}.Debug|Any CPU.ActiveCfg = Debug|Any CPU
		{39971488-36CD-4A0F-9F52-2BD2782CBF1C}.Debug|Any CPU.Build.0 = Debug|Any CPU
		{39971488-36CD-4A0F-9F52-2BD2782CBF1C}.Release|Any CPU.ActiveCfg = Release|Any CPU
		{39971488-36CD-4A0F-9F52-2BD2782CBF1C}.Release|Any CPU.Build.0 = Release|Any CPU
	EndGlobalSection
	GlobalSection(SolutionProperties) = preSolution
		HideSolutionNode = FALSE
	EndGlobalSection
	GlobalSection(ExtensibilityGlobals) = postSolution
		SolutionGuid = {5E491D2F-C77C-440B-A82F-0209914329FE}
	EndGlobalSection
EndGlobal
